// !$*UTF8*$!
{
	archiveVersion = 1;
	classes = {
	};
	objectVersion = 50;
	objects = {

/* Begin PBXBuildFile section */
		04E3555325C6BCA300E8DC77 /* AppDelegate.swift in Sources */ = {isa = PBXBuildFile; fileRef = 04E3555225C6BCA300E8DC77 /* AppDelegate.swift */; };
		04E3555525C6BCA300E8DC77 /* SceneDelegate.swift in Sources */ = {isa = PBXBuildFile; fileRef = 04E3555425C6BCA300E8DC77 /* SceneDelegate.swift */; };
		04E3555725C6BCA300E8DC77 /* ViewController.swift in Sources */ = {isa = PBXBuildFile; fileRef = 04E3555625C6BCA300E8DC77 /* ViewController.swift */; };
		04E3555A25C6BCA300E8DC77 /* Main.storyboard in Resources */ = {isa = PBXBuildFile; fileRef = 04E3555825C6BCA300E8DC77 /* Main.storyboard */; };
		04E3555C25C6BCA500E8DC77 /* Assets.xcassets in Resources */ = {isa = PBXBuildFile; fileRef = 04E3555B25C6BCA500E8DC77 /* Assets.xcassets */; };
		04E3555F25C6BCA500E8DC77 /* LaunchScreen.storyboard in Resources */ = {isa = PBXBuildFile; fileRef = 04E3555D25C6BCA500E8DC77 /* LaunchScreen.storyboard */; };
		04E3556A25C6BCA600E8DC77 /* StopWatchTests.swift in Sources */ = {isa = PBXBuildFile; fileRef = 04E3556925C6BCA600E8DC77 /* StopWatchTests.swift */; };
		04E3557525C6BCA600E8DC77 /* StopWatchUITests.swift in Sources */ = {isa = PBXBuildFile; fileRef = 04E3557425C6BCA600E8DC77 /* StopWatchUITests.swift */; };
/* End PBXBuildFile section */

/* Begin PBXContainerItemProxy section */
		04E3556625C6BCA600E8DC77 /* PBXContainerItemProxy */ = {
			isa = PBXContainerItemProxy;
			containerPortal = 04E3554725C6BCA300E8DC77 /* Project object */;
			proxyType = 1;
			remoteGlobalIDString = 04E3554E25C6BCA300E8DC77;
			remoteInfo = StopWatch;
		};
		04E3557125C6BCA600E8DC77 /* PBXContainerItemProxy */ = {
			isa = PBXContainerItemProxy;
			containerPortal = 04E3554725C6BCA300E8DC77 /* Project object */;
			proxyType = 1;
			remoteGlobalIDString = 04E3554E25C6BCA300E8DC77;
			remoteInfo = StopWatch;
		};
/* End PBXContainerItemProxy section */

/* Begin PBXFileReference section */
		04E3554F25C6BCA300E8DC77 /* StopWatch.app */ = {isa = PBXFileReference; explicitFileType = wrapper.application; includeInIndex = 0; path = StopWatch.app; sourceTree = BUILT_PRODUCTS_DIR; };
		04E3555225C6BCA300E8DC77 /* AppDelegate.swift */ = {isa = PBXFileReference; lastKnownFileType = sourcecode.swift; path = AppDelegate.swift; sourceTree = "<group>"; };
		04E3555425C6BCA300E8DC77 /* SceneDelegate.swift */ = {isa = PBXFileReference; lastKnownFileType = sourcecode.swift; path = SceneDelegate.swift; sourceTree = "<group>"; };
		04E3555625C6BCA300E8DC77 /* ViewController.swift */ = {isa = PBXFileReference; lastKnownFileType = sourcecode.swift; path = ViewController.swift; sourceTree = "<group>"; };
		04E3555925C6BCA300E8DC77 /* Base */ = {isa = PBXFileReference; lastKnownFileType = file.storyboard; name = Base; path = Base.lproj/Main.storyboard; sourceTree = "<group>"; };
		04E3555B25C6BCA500E8DC77 /* Assets.xcassets */ = {isa = PBXFileReference; lastKnownFileType = folder.assetcatalog; path = Assets.xcassets; sourceTree = "<group>"; };
		04E3555E25C6BCA500E8DC77 /* Base */ = {isa = PBXFileReference; lastKnownFileType = file.storyboard; name = Base; path = Base.lproj/LaunchScreen.storyboard; sourceTree = "<group>"; };
		04E3556025C6BCA500E8DC77 /* Info.plist */ = {isa = PBXFileReference; lastKnownFileType = text.plist.xml; path = Info.plist; sourceTree = "<group>"; };
		04E3556525C6BCA600E8DC77 /* StopWatchTests.xctest */ = {isa = PBXFileReference; explicitFileType = wrapper.cfbundle; includeInIndex = 0; path = StopWatchTests.xctest; sourceTree = BUILT_PRODUCTS_DIR; };
		04E3556925C6BCA600E8DC77 /* StopWatchTests.swift */ = {isa = PBXFileReference; lastKnownFileType = sourcecode.swift; path = StopWatchTests.swift; sourceTree = "<group>"; };
		04E3556B25C6BCA600E8DC77 /* Info.plist */ = {isa = PBXFileReference; lastKnownFileType = text.plist.xml; path = Info.plist; sourceTree = "<group>"; };
		04E3557025C6BCA600E8DC77 /* StopWatchUITests.xctest */ = {isa = PBXFileReference; explicitFileType = wrapper.cfbundle; includeInIndex = 0; path = StopWatchUITests.xctest; sourceTree = BUILT_PRODUCTS_DIR; };
		04E3557425C6BCA600E8DC77 /* StopWatchUITests.swift */ = {isa = PBXFileReference; lastKnownFileType = sourcecode.swift; path = StopWatchUITests.swift; sourceTree = "<group>"; };
		04E3557625C6BCA600E8DC77 /* Info.plist */ = {isa = PBXFileReference; lastKnownFileType = text.plist.xml; path = Info.plist; sourceTree = "<group>"; };
/* End PBXFileReference section */

/* Begin PBXFrameworksBuildPhase section */
		04E3554C25C6BCA300E8DC77 /* Frameworks */ = {
			isa = PBXFrameworksBuildPhase;
			buildActionMask = 2147483647;
			files = (
			);
			runOnlyForDeploymentPostprocessing = 0;
		};
		04E3556225C6BCA600E8DC77 /* Frameworks */ = {
			isa = PBXFrameworksBuildPhase;
			buildActionMask = 2147483647;
			files = (
			);
			runOnlyForDeploymentPostprocessing = 0;
		};
		04E3556D25C6BCA600E8DC77 /* Frameworks */ = {
			isa = PBXFrameworksBuildPhase;
			buildActionMask = 2147483647;
			files = (
			);
			runOnlyForDeploymentPostprocessing = 0;
		};
/* End PBXFrameworksBuildPhase section */

/* Begin PBXGroup section */
		04E3554625C6BCA300E8DC77 = {
			isa = PBXGroup;
			children = (
				04E3555125C6BCA300E8DC77 /* StopWatch */,
				04E3556825C6BCA600E8DC77 /* StopWatchTests */,
				04E3557325C6BCA600E8DC77 /* StopWatchUITests */,
				04E3555025C6BCA300E8DC77 /* Products */,
			);
			sourceTree = "<group>";
		};
		04E3555025C6BCA300E8DC77 /* Products */ = {
			isa = PBXGroup;
			children = (
				04E3554F25C6BCA300E8DC77 /* StopWatch.app */,
				04E3556525C6BCA600E8DC77 /* StopWatchTests.xctest */,
				04E3557025C6BCA600E8DC77 /* StopWatchUITests.xctest */,
			);
			name = Products;
			sourceTree = "<group>";
		};
		04E3555125C6BCA300E8DC77 /* StopWatch */ = {
			isa = PBXGroup;
			children = (
				04E3555225C6BCA300E8DC77 /* AppDelegate.swift */,
				04E3555425C6BCA300E8DC77 /* SceneDelegate.swift */,
				04E3555625C6BCA300E8DC77 /* ViewController.swift */,
				04E3555825C6BCA300E8DC77 /* Main.storyboard */,
				04E3555B25C6BCA500E8DC77 /* Assets.xcassets */,
				04E3555D25C6BCA500E8DC77 /* LaunchScreen.storyboard */,
				04E3556025C6BCA500E8DC77 /* Info.plist */,
			);
			path = StopWatch;
			sourceTree = "<group>";
		};
		04E3556825C6BCA600E8DC77 /* StopWatchTests */ = {
			isa = PBXGroup;
			children = (
				04E3556925C6BCA600E8DC77 /* StopWatchTests.swift */,
				04E3556B25C6BCA600E8DC77 /* Info.plist */,
			);
			path = StopWatchTests;
			sourceTree = "<group>";
		};
		04E3557325C6BCA600E8DC77 /* StopWatchUITests */ = {
			isa = PBXGroup;
			children = (
				04E3557425C6BCA600E8DC77 /* StopWatchUITests.swift */,
				04E3557625C6BCA600E8DC77 /* Info.plist */,
			);
			path = StopWatchUITests;
			sourceTree = "<group>";
		};
/* End PBXGroup section */

/* Begin PBXNativeTarget section */
		04E3554E25C6BCA300E8DC77 /* StopWatch */ = {
			isa = PBXNativeTarget;
			buildConfigurationList = 04E3557925C6BCA600E8DC77 /* Build configuration list for PBXNativeTarget "StopWatch" */;
			buildPhases = (
				04E3554B25C6BCA300E8DC77 /* Sources */,
				04E3554C25C6BCA300E8DC77 /* Frameworks */,
				04E3554D25C6BCA300E8DC77 /* Resources */,
			);
			buildRules = (
			);
			dependencies = (
			);
			name = StopWatch;
			productName = StopWatch;
			productReference = 04E3554F25C6BCA300E8DC77 /* StopWatch.app */;
			productType = "com.apple.product-type.application";
		};
		04E3556425C6BCA600E8DC77 /* StopWatchTests */ = {
			isa = PBXNativeTarget;
			buildConfigurationList = 04E3557C25C6BCA600E8DC77 /* Build configuration list for PBXNativeTarget "StopWatchTests" */;
			buildPhases = (
				04E3556125C6BCA600E8DC77 /* Sources */,
				04E3556225C6BCA600E8DC77 /* Frameworks */,
				04E3556325C6BCA600E8DC77 /* Resources */,
			);
			buildRules = (
			);
			dependencies = (
				04E3556725C6BCA600E8DC77 /* PBXTargetDependency */,
			);
			name = StopWatchTests;
			productName = StopWatchTests;
			productReference = 04E3556525C6BCA600E8DC77 /* StopWatchTests.xctest */;
			productType = "com.apple.product-type.bundle.unit-test";
		};
		04E3556F25C6BCA600E8DC77 /* StopWatchUITests */ = {
			isa = PBXNativeTarget;
			buildConfigurationList = 04E3557F25C6BCA600E8DC77 /* Build configuration list for PBXNativeTarget "StopWatchUITests" */;
			buildPhases = (
				04E3556C25C6BCA600E8DC77 /* Sources */,
				04E3556D25C6BCA600E8DC77 /* Frameworks */,
				04E3556E25C6BCA600E8DC77 /* Resources */,
			);
			buildRules = (
			);
			dependencies = (
				04E3557225C6BCA600E8DC77 /* PBXTargetDependency */,
			);
			name = StopWatchUITests;
			productName = StopWatchUITests;
			productReference = 04E3557025C6BCA600E8DC77 /* StopWatchUITests.xctest */;
			productType = "com.apple.product-type.bundle.ui-testing";
		};
/* End PBXNativeTarget section */

/* Begin PBXProject section */
		04E3554725C6BCA300E8DC77 /* Project object */ = {
			isa = PBXProject;
			attributes = {
				LastSwiftUpdateCheck = 1240;
				LastUpgradeCheck = 1240;
				TargetAttributes = {
					04E3554E25C6BCA300E8DC77 = {
						CreatedOnToolsVersion = 12.4;
					};
					04E3556425C6BCA600E8DC77 = {
						CreatedOnToolsVersion = 12.4;
						TestTargetID = 04E3554E25C6BCA300E8DC77;
					};
					04E3556F25C6BCA600E8DC77 = {
						CreatedOnToolsVersion = 12.4;
						TestTargetID = 04E3554E25C6BCA300E8DC77;
					};
				};
			};
			buildConfigurationList = 04E3554A25C6BCA300E8DC77 /* Build configuration list for PBXProject "StopWatch" */;
			compatibilityVersion = "Xcode 9.3";
			developmentRegion = en;
			hasScannedForEncodings = 0;
			knownRegions = (
				en,
				Base,
			);
			mainGroup = 04E3554625C6BCA300E8DC77;
			productRefGroup = 04E3555025C6BCA300E8DC77 /* Products */;
			projectDirPath = "";
			projectRoot = "";
			targets = (
				04E3554E25C6BCA300E8DC77 /* StopWatch */,
				04E3556425C6BCA600E8DC77 /* StopWatchTests */,
				04E3556F25C6BCA600E8DC77 /* StopWatchUITests */,
			);
		};
/* End PBXProject section */

/* Begin PBXResourcesBuildPhase section */
		04E3554D25C6BCA300E8DC77 /* Resources */ = {
			isa = PBXResourcesBuildPhase;
			buildActionMask = 2147483647;
			files = (
				04E3555F25C6BCA500E8DC77 /* LaunchScreen.storyboard in Resources */,
				04E3555C25C6BCA500E8DC77 /* Assets.xcassets in Resources */,
				04E3555A25C6BCA300E8DC77 /* Main.storyboard in Resources */,
			);
			runOnlyForDeploymentPostprocessing = 0;
		};
		04E3556325C6BCA600E8DC77 /* Resources */ = {
			isa = PBXResourcesBuildPhase;
			buildActionMask = 2147483647;
			files = (
			);
			runOnlyForDeploymentPostprocessing = 0;
		};
		04E3556E25C6BCA600E8DC77 /* Resources */ = {
			isa = PBXResourcesBuildPhase;
			buildActionMask = 2147483647;
			files = (
			);
			runOnlyForDeploymentPostprocessing = 0;
		};
/* End PBXResourcesBuildPhase section */

/* Begin PBXSourcesBuildPhase section */
		04E3554B25C6BCA300E8DC77 /* Sources */ = {
			isa = PBXSourcesBuildPhase;
			buildActionMask = 2147483647;
			files = (
				04E3555725C6BCA300E8DC77 /* ViewController.swift in Sources */,
				04E3555325C6BCA300E8DC77 /* AppDelegate.swift in Sources */,
				04E3555525C6BCA300E8DC77 /* SceneDelegate.swift in Sources */,
			);
			runOnlyForDeploymentPostprocessing = 0;
		};
		04E3556125C6BCA600E8DC77 /* Sources */ = {
			isa = PBXSourcesBuildPhase;
			buildActionMask = 2147483647;
			files = (
				04E3556A25C6BCA600E8DC77 /* StopWatchTests.swift in Sources */,
			);
			runOnlyForDeploymentPostprocessing = 0;
		};
		04E3556C25C6BCA600E8DC77 /* Sources */ = {
			isa = PBXSourcesBuildPhase;
			buildActionMask = 2147483647;
			files = (
				04E3557525C6BCA600E8DC77 /* StopWatchUITests.swift in Sources */,
			);
			runOnlyForDeploymentPostprocessing = 0;
		};
/* End PBXSourcesBuildPhase section */

/* Begin PBXTargetDependency section */
		04E3556725C6BCA600E8DC77 /* PBXTargetDependency */ = {
			isa = PBXTargetDependency;
			target = 04E3554E25C6BCA300E8DC77 /* StopWatch */;
			targetProxy = 04E3556625C6BCA600E8DC77 /* PBXContainerItemProxy */;
		};
		04E3557225C6BCA600E8DC77 /* PBXTargetDependency */ = {
			isa = PBXTargetDependency;
			target = 04E3554E25C6BCA300E8DC77 /* StopWatch */;
			targetProxy = 04E3557125C6BCA600E8DC77 /* PBXContainerItemProxy */;
		};
/* End PBXTargetDependency section */

/* Begin PBXVariantGroup section */
		04E3555825C6BCA300E8DC77 /* Main.storyboard */ = {
			isa = PBXVariantGroup;
			children = (
				04E3555925C6BCA300E8DC77 /* Base */,
			);
			name = Main.storyboard;
			sourceTree = "<group>";
		};
		04E3555D25C6BCA500E8DC77 /* LaunchScreen.storyboard */ = {
			isa = PBXVariantGroup;
			children = (
				04E3555E25C6BCA500E8DC77 /* Base */,
			);
			name = LaunchScreen.storyboard;
			sourceTree = "<group>";
		};
/* End PBXVariantGroup section */

/* Begin XCBuildConfiguration section */
		04E3557725C6BCA600E8DC77 /* Debug */ = {
			isa = XCBuildConfiguration;
			buildSettings = {
				ALWAYS_SEARCH_USER_PATHS = NO;
				CLANG_ANALYZER_NONNULL = YES;
				CLANG_ANALYZER_NUMBER_OBJECT_CONVERSION = YES_AGGRESSIVE;
				CLANG_CXX_LANGUAGE_STANDARD = "gnu++14";
				CLANG_CXX_LIBRARY = "libc++";
				CLANG_ENABLE_MODULES = YES;
				CLANG_ENABLE_OBJC_ARC = YES;
				CLANG_ENABLE_OBJC_WEAK = YES;
				CLANG_WARN_BLOCK_CAPTURE_AUTORELEASING = YES;
				CLANG_WARN_BOOL_CONVERSION = YES;
				CLANG_WARN_COMMA = YES;
				CLANG_WARN_CONSTANT_CONVERSION = YES;
				CLANG_WARN_DEPRECATED_OBJC_IMPLEMENTATIONS = YES;
				CLANG_WARN_DIRECT_OBJC_ISA_USAGE = YES_ERROR;
				CLANG_WARN_DOCUMENTATION_COMMENTS = YES;
				CLANG_WARN_EMPTY_BODY = YES;
				CLANG_WARN_ENUM_CONVERSION = YES;
				CLANG_WARN_INFINITE_RECURSION = YES;
				CLANG_WARN_INT_CONVERSION = YES;
				CLANG_WARN_NON_LITERAL_NULL_CONVERSION = YES;
				CLANG_WARN_OBJC_IMPLICIT_RETAIN_SELF = YES;
				CLANG_WARN_OBJC_LITERAL_CONVERSION = YES;
				CLANG_WARN_OBJC_ROOT_CLASS = YES_ERROR;
				CLANG_WARN_QUOTED_INCLUDE_IN_FRAMEWORK_HEADER = YES;
				CLANG_WARN_RANGE_LOOP_ANALYSIS = YES;
				CLANG_WARN_STRICT_PROTOTYPES = YES;
				CLANG_WARN_SUSPICIOUS_MOVE = YES;
				CLANG_WARN_UNGUARDED_AVAILABILITY = YES_AGGRESSIVE;
				CLANG_WARN_UNREACHABLE_CODE = YES;
				CLANG_WARN__DUPLICATE_METHOD_MATCH = YES;
				COPY_PHASE_STRIP = NO;
				DEBUG_INFORMATION_FORMAT = dwarf;
				ENABLE_STRICT_OBJC_MSGSEND = YES;
				ENABLE_TESTABILITY = YES;
				GCC_C_LANGUAGE_STANDARD = gnu11;
				GCC_DYNAMIC_NO_PIC = NO;
				GCC_NO_COMMON_BLOCKS = YES;
				GCC_OPTIMIZATION_LEVEL = 0;
				GCC_PREPROCESSOR_DEFINITIONS = (
					"DEBUG=1",
					"$(inherited)",
				);
				GCC_WARN_64_TO_32_BIT_CONVERSION = YES;
				GCC_WARN_ABOUT_RETURN_TYPE = YES_ERROR;
				GCC_WARN_UNDECLARED_SELECTOR = YES;
				GCC_WARN_UNINITIALIZED_AUTOS = YES_AGGRESSIVE;
				GCC_WARN_UNUSED_FUNCTION = YES;
				GCC_WARN_UNUSED_VARIABLE = YES;
				IPHONEOS_DEPLOYMENT_TARGET = 14.4;
				MTL_ENABLE_DEBUG_INFO = INCLUDE_SOURCE;
				MTL_FAST_MATH = YES;
				ONLY_ACTIVE_ARCH = YES;
				SDKROOT = iphoneos;
				SWIFT_ACTIVE_COMPILATION_CONDITIONS = DEBUG;
				SWIFT_OPTIMIZATION_LEVEL = "-Onone";
			};
			name = Debug;
		};
		04E3557825C6BCA600E8DC77 /* Release */ = {
			isa = XCBuildConfiguration;
			buildSettings = {
				ALWAYS_SEARCH_USER_PATHS = NO;
				CLANG_ANALYZER_NONNULL = YES;
				CLANG_ANALYZER_NUMBER_OBJECT_CONVERSION = YES_AGGRESSIVE;
				CLANG_CXX_LANGUAGE_STANDARD = "gnu++14";
				CLANG_CXX_LIBRARY = "libc++";
				CLANG_ENABLE_MODULES = YES;
				CLANG_ENABLE_OBJC_ARC = YES;
				CLANG_ENABLE_OBJC_WEAK = YES;
				CLANG_WARN_BLOCK_CAPTURE_AUTORELEASING = YES;
				CLANG_WARN_BOOL_CONVERSION = YES;
				CLANG_WARN_COMMA = YES;
				CLANG_WARN_CONSTANT_CONVERSION = YES;
				CLANG_WARN_DEPRECATED_OBJC_IMPLEMENTATIONS = YES;
				CLANG_WARN_DIRECT_OBJC_ISA_USAGE = YES_ERROR;
				CLANG_WARN_DOCUMENTATION_COMMENTS = YES;
				CLANG_WARN_EMPTY_BODY = YES;
				CLANG_WARN_ENUM_CONVERSION = YES;
				CLANG_WARN_INFINITE_RECURSION = YES;
				CLANG_WARN_INT_CONVERSION = YES;
				CLANG_WARN_NON_LITERAL_NULL_CONVERSION = YES;
				CLANG_WARN_OBJC_IMPLICIT_RETAIN_SELF = YES;
				CLANG_WARN_OBJC_LITERAL_CONVERSION = YES;
				CLANG_WARN_OBJC_ROOT_CLASS = YES_ERROR;
				CLANG_WARN_QUOTED_INCLUDE_IN_FRAMEWORK_HEADER = YES;
				CLANG_WARN_RANGE_LOOP_ANALYSIS = YES;
				CLANG_WARN_STRICT_PROTOTYPES = YES;
				CLANG_WARN_SUSPICIOUS_MOVE = YES;
				CLANG_WARN_UNGUARDED_AVAILABILITY = YES_AGGRESSIVE;
				CLANG_WARN_UNREACHABLE_CODE = YES;
				CLANG_WARN__DUPLICATE_METHOD_MATCH = YES;
				COPY_PHASE_STRIP = NO;
				DEBUG_INFORMATION_FORMAT = "dwarf-with-dsym";
				ENABLE_NS_ASSERTIONS = NO;
				ENABLE_STRICT_OBJC_MSGSEND = YES;
				GCC_C_LANGUAGE_STANDARD = gnu11;
				GCC_NO_COMMON_BLOCKS = YES;
				GCC_WARN_64_TO_32_BIT_CONVERSION = YES;
				GCC_WARN_ABOUT_RETURN_TYPE = YES_ERROR;
				GCC_WARN_UNDECLARED_SELECTOR = YES;
				GCC_WARN_UNINITIALIZED_AUTOS = YES_AGGRESSIVE;
				GCC_WARN_UNUSED_FUNCTION = YES;
				GCC_WARN_UNUSED_VARIABLE = YES;
				IPHONEOS_DEPLOYMENT_TARGET = 14.4;
				MTL_ENABLE_DEBUG_INFO = NO;
				MTL_FAST_MATH = YES;
				SDKROOT = iphoneos;
				SWIFT_COMPILATION_MODE = wholemodule;
				SWIFT_OPTIMIZATION_LEVEL = "-O";
				VALIDATE_PRODUCT = YES;
			};
			name = Release;
		};
		04E3557A25C6BCA600E8DC77 /* Debug */ = {
			isa = XCBuildConfiguration;
			buildSettings = {
				ASSETCATALOG_COMPILER_APPICON_NAME = AppIcon;
				ASSETCATALOG_COMPILER_GLOBAL_ACCENT_COLOR_NAME = AccentColor;
				CODE_SIGN_STYLE = Automatic;
				INFOPLIST_FILE = StopWatch/Info.plist;
				LD_RUNPATH_SEARCH_PATHS = (
					"$(inherited)",
					"@executable_path/Frameworks",
				);
				PRODUCT_BUNDLE_IDENTIFIER = app.goto.anchan.StopWatch;
				PRODUCT_NAME = "$(TARGET_NAME)";
				SWIFT_VERSION = 5.0;
				TARGETED_DEVICE_FAMILY = "1,2";
			};
			name = Debug;
		};
		04E3557B25C6BCA600E8DC77 /* Release */ = {
			isa = XCBuildConfiguration;
			buildSettings = {
				ASSETCATALOG_COMPILER_APPICON_NAME = AppIcon;
				ASSETCATALOG_COMPILER_GLOBAL_ACCENT_COLOR_NAME = AccentColor;
				CODE_SIGN_STYLE = Automatic;
				INFOPLIST_FILE = StopWatch/Info.plist;
				LD_RUNPATH_SEARCH_PATHS = (
					"$(inherited)",
					"@executable_path/Frameworks",
				);
				PRODUCT_BUNDLE_IDENTIFIER = app.goto.anchan.StopWatch;
				PRODUCT_NAME = "$(TARGET_NAME)";
				SWIFT_VERSION = 5.0;
				TARGETED_DEVICE_FAMILY = "1,2";
			};
			name = Release;
		};
		04E3557D25C6BCA600E8DC77 /* Debug */ = {
			isa = XCBuildConfiguration;
			buildSettings = {
				ALWAYS_EMBED_SWIFT_STANDARD_LIBRARIES = YES;
				BUNDLE_LOADER = "$(TEST_HOST)";
				CODE_SIGN_STYLE = Automatic;
				INFOPLIST_FILE = StopWatchTests/Info.plist;
				IPHONEOS_DEPLOYMENT_TARGET = 14.4;
				LD_RUNPATH_SEARCH_PATHS = (
					"$(inherited)",
					"@executable_path/Frameworks",
					"@loader_path/Frameworks",
				);
				PRODUCT_BUNDLE_IDENTIFIER = app.goto.anchan.StopWatchTests;
				PRODUCT_NAME = "$(TARGET_NAME)";
				SWIFT_VERSION = 5.0;
				TARGETED_DEVICE_FAMILY = "1,2";
				TEST_HOST = "$(BUILT_PRODUCTS_DIR)/StopWatch.app/StopWatch";
			};
			name = Debug;
		};
		04E3557E25C6BCA600E8DC77 /* Release */ = {
			isa = XCBuildConfiguration;
			buildSettings = {
				ALWAYS_EMBED_SWIFT_STANDARD_LIBRARIES = YES;
				BUNDLE_LOADER = "$(TEST_HOST)";
				CODE_SIGN_STYLE = Automatic;
				INFOPLIST_FILE = StopWatchTests/Info.plist;
				IPHONEOS_DEPLOYMENT_TARGET = 14.4;
				LD_RUNPATH_SEARCH_PATHS = (
					"$(inherited)",
					"@executable_path/Frameworks",
					"@loader_path/Frameworks",
				);
				PRODUCT_BUNDLE_IDENTIFIER = app.goto.anchan.StopWatchTests;
				PRODUCT_NAME = "$(TARGET_NAME)";
				SWIFT_VERSION = 5.0;
				TARGETED_DEVICE_FAMILY = "1,2";
				TEST_HOST = "$(BUILT_PRODUCTS_DIR)/StopWatch.app/StopWatch";
			};
			name = Release;
		};
		04E3558025C6BCA600E8DC77 /* Debug */ = {
			isa = XCBuildConfiguration;
			buildSettings = {
				ALWAYS_EMBED_SWIFT_STANDARD_LIBRARIES = YES;
				CODE_SIGN_STYLE = Automatic;
				INFOPLIST_FILE = StopWatchUITests/Info.plist;
				LD_RUNPATH_SEARCH_PATHS = (
					"$(inherited)",
					"@executable_path/Frameworks",
					"@loader_path/Frameworks",
				);
				PRODUCT_BUNDLE_IDENTIFIER = app.goto.anchan.StopWatchUITests;
				PRODUCT_NAME = "$(TARGET_NAME)";
				SWIFT_VERSION = 5.0;
				TARGETED_DEVICE_FAMILY = "1,2";
				TEST_TARGET_NAME = StopWatch;
			};
			name = Debug;
		};
		04E3558125C6BCA600E8DC77 /* Release */ = {
			isa = XCBuildConfiguration;
			buildSettings = {
				ALWAYS_EMBED_SWIFT_STANDARD_LIBRARIES = YES;
				CODE_SIGN_STYLE = Automatic;
				INFOPLIST_FILE = StopWatchUITests/Info.plist;
				LD_RUNPATH_SEARCH_PATHS = (
					"$(inherited)",
					"@executable_path/Frameworks",
					"@loader_path/Frameworks",
				);
				PRODUCT_BUNDLE_IDENTIFIER = app.goto.anchan.StopWatchUITests;
				PRODUCT_NAME = "$(TARGET_NAME)";
				SWIFT_VERSION = 5.0;
				TARGETED_DEVICE_FAMILY = "1,2";
				TEST_TARGET_NAME = StopWatch;
			};
			name = Release;
		};
/* End XCBuildConfiguration section */

/* Begin XCConfigurationList section */
		04E3554A25C6BCA300E8DC77 /* Build configuration list for PBXProject "StopWatch" */ = {
			isa = XCConfigurationList;
			buildConfigurations = (
				04E3557725C6BCA600E8DC77 /* Debug */,
				04E3557825C6BCA600E8DC77 /* Release */,
			);
			defaultConfigurationIsVisible = 0;
			defaultConfigurationName = Release;
		};
		04E3557925C6BCA600E8DC77 /* Build configuration list for PBXNativeTarget "StopWatch" */ = {
			isa = XCConfigurationList;
			buildConfigurations = (
				04E3557A25C6BCA600E8DC77 /* Debug */,
				04E3557B25C6BCA600E8DC77 /* Release */,
			);
			defaultConfigurationIsVisible = 0;
			defaultConfigurationName = Release;
		};
		04E3557C25C6BCA600E8DC77 /* Build configuration list for PBXNativeTarget "StopWatchTests" */ = {
			isa = XCConfigurationList;
			buildConfigurations = (
				04E3557D25C6BCA600E8DC77 /* Debug */,
				04E3557E25C6BCA600E8DC77 /* Release */,
			);
			defaultConfigurationIsVisible = 0;
			defaultConfigurationName = Release;
		};
		04E3557F25C6BCA600E8DC77 /* Build configuration list for PBXNativeTarget "StopWatchUITests" */ = {
			isa = XCConfigurationList;
			buildConfigurations = (
				04E3558025C6BCA600E8DC77 /* Debug */,
				04E3558125C6BCA600E8DC77 /* Release */,
			);
			defaultConfigurationIsVisible = 0;
			defaultConfigurationName = Release;
		};
/* End XCConfigurationList section */
	};
	rootObject = 04E3554725C6BCA300E8DC77 /* Project object */;
}
